
Microsoft Visual Studio Solution File, Format Version 12.00
# Visual Studio Version 17
VisualStudioVersion = 17.1.32421.90
MinimumVisualStudioVersion = 10.0.40219.1
Project("{FAE04EC0-301F-11D3-BF4B-00C04F79EFBC}") = "LearnForeignWords", "LearnForeignWords\LearnForeignWords.csproj", "{111C9D8C-05D6-41CE-8E99-7AA9EDB6C506}"
EndProject
Global
	GlobalSection(SolutionConfigurationPlatforms) = preSolution
		Debug|Any CPU = Debug|Any CPU
		Release|Any CPU = Release|Any CPU
	EndGlobalSection
	GlobalSection(ProjectConfigurationPlatforms) = postSolution
		{111C9D8C-05D6-41CE-8E99-7AA9EDB6C506}.Debug|Any CPU.ActiveCfg = Debug|Any CPU
		{111C9D8C-05D6-41CE-8E99-7AA9EDB6C506}.Debug|Any CPU.Build.0 = Debug|Any CPU
		{111C9D8C-05D6-41CE-8E99-7AA9EDB6C506}.Release|Any CPU.ActiveCfg = Release|Any CPU
		{111C9D8C-05D6-41CE-8E99-7AA9EDB6C506}.Release|Any CPU.Build.0 = Release|Any CPU
	EndGlobalSection
	GlobalSection(SolutionProperties) = preSolution
		HideSolutionNode = FALSE
	EndGlobalSection
	GlobalSection(ExtensibilityGlobals) = postSolution
		SolutionGuid = {14AED345-4BE4-418A-B61B-DAB95A5DEFCC}
	EndGlobalSection
EndGlobal
